
Microsoft Visual Studio Solution File, Format Version 12.00
# Visual Studio Version 17
VisualStudioVersion = 17.1.32210.238
MinimumVisualStudioVersion = 10.0.40219.1
Project("{9A19103F-16F7-4668-BE54-9A1E7A4F7556}") = "Farming.Domain", "Farming.Domain\Farming.Domain.csproj", "{0C3F9C19-1C09-4314-B8AE-FFA5E867DE47}"
EndProject
Project("{2150E333-8FDC-42A3-9474-1A3956D46DE8}") = "Shared", "Shared", "{3FD8C880-0F52-4FF7-99C1-8D4A88B7FCF1}"
EndProject
Project("{9A19103F-16F7-4668-BE54-9A1E7A4F7556}") = "Farming.Shared", "Farming.Shared\Farming.Shared.csproj", "{B1BB65F5-0BA1-4B5F-8ACE-C2A98CA88C83}"
EndProject
Project("{9A19103F-16F7-4668-BE54-9A1E7A4F7556}") = "Farming.Shared.Abstractions", "Farming.Shared.Abstractions\Farming.Shared.Abstractions.csproj", "{3AD9C936-C832-4AD8-92E6-B209FE37F4C1}"
EndProject
Project("{9A19103F-16F7-4668-BE54-9A1E7A4F7556}") = "Farming.Infrastructure", "Farming.Infrastructure\Farming.Infrastructure.csproj", "{F3C0AF74-739C-4C52-BDD8-2356900CBD28}"
EndProject
Project("{9A19103F-16F7-4668-BE54-9A1E7A4F7556}") = "Farming.Application", "Farming.Application\Farming.Application.csproj", "{2FB8C0F2-827F-4216-991A-CC5C294839D5}"
EndProject
Project("{9A19103F-16F7-4668-BE54-9A1E7A4F7556}") = "Farming.Api", "Farming.Api\Farming.Api.csproj", "{FAD084E6-AE86-449A-A16B-3D4CE78AFAFD}"
EndProject
Project("{2150E333-8FDC-42A3-9474-1A3956D46DE8}") = "Solution Items", "Solution Items", "{62CA0B52-A458-4D58-A019-C70B7847EBE5}"
	ProjectSection(SolutionItems) = preProject
		.editorconfig = .editorconfig
	EndProjectSection
EndProject
Project("{9A19103F-16F7-4668-BE54-9A1E7A4F7556}") = "Farming.UnitTests", "Farming.UnitTests\Farming.UnitTests.csproj", "{1B5F59EB-B11C-4756-9979-70BC68BC1718}"
EndProject
Project("{2150E333-8FDC-42A3-9474-1A3956D46DE8}") = "tests", "tests", "{30696B01-70E1-4FE9-9058-19C2F0951AA4}"
EndProject
Project("{2150E333-8FDC-42A3-9474-1A3956D46DE8}") = "src", "src", "{B7182265-75F6-4C79-BA2D-A8548D4457AE}"
EndProject
Global
	GlobalSection(SolutionConfigurationPlatforms) = preSolution
		Debug|Any CPU = Debug|Any CPU
		Release|Any CPU = Release|Any CPU
	EndGlobalSection
	GlobalSection(ProjectConfigurationPlatforms) = postSolution
		{0C3F9C19-1C09-4314-B8AE-FFA5E867DE47}.Debug|Any CPU.ActiveCfg = Debug|Any CPU
		{0C3F9C19-1C09-4314-B8AE-FFA5E867DE47}.Debug|Any CPU.Build.0 = Debug|Any CPU
		{0C3F9C19-1C09-4314-B8AE-FFA5E867DE47}.Release|Any CPU.ActiveCfg = Release|Any CPU
		{0C3F9C19-1C09-4314-B8AE-FFA5E867DE47}.Release|Any CPU.Build.0 = Release|Any CPU
		{B1BB65F5-0BA1-4B5F-8ACE-C2A98CA88C83}.Debug|Any CPU.ActiveCfg = Debug|Any CPU
		{B1BB65F5-0BA1-4B5F-8ACE-C2A98CA88C83}.Debug|Any CPU.Build.0 = Debug|Any CPU
		{B1BB65F5-0BA1-4B5F-8ACE-C2A98CA88C83}.Release|Any CPU.ActiveCfg = Release|Any CPU
		{B1BB65F5-0BA1-4B5F-8ACE-C2A98CA88C83}.Release|Any CPU.Build.0 = Release|Any CPU
		{3AD9C936-C832-4AD8-92E6-B209FE37F4C1}.Debug|Any CPU.ActiveCfg = Debug|Any CPU
		{3AD9C936-C832-4AD8-92E6-B209FE37F4C1}.Debug|Any CPU.Build.0 = Debug|Any CPU
		{3AD9C936-C832-4AD8-92E6-B209FE37F4C1}.Release|Any CPU.ActiveCfg = Release|Any CPU
		{3AD9C936-C832-4AD8-92E6-B209FE37F4C1}.Release|Any CPU.Build.0 = Release|Any CPU
		{F3C0AF74-739C-4C52-BDD8-2356900CBD28}.Debug|Any CPU.ActiveCfg = Debug|Any CPU
		{F3C0AF74-739C-4C52-BDD8-2356900CBD28}.Debug|Any CPU.Build.0 = Debug|Any CPU
		{F3C0AF74-739C-4C52-BDD8-2356900CBD28}.Release|Any CPU.ActiveCfg = Release|Any CPU
		{F3C0AF74-739C-4C52-BDD8-2356900CBD28}.Release|Any CPU.Build.0 = Release|Any CPU
		{2FB8C0F2-827F-4216-991A-CC5C294839D5}.Debug|Any CPU.ActiveCfg = Debug|Any CPU
		{2FB8C0F2-827F-4216-991A-CC5C294839D5}.Debug|Any CPU.Build.0 = Debug|Any CPU
		{2FB8C0F2-827F-4216-991A-CC5C294839D5}.Release|Any CPU.ActiveCfg = Release|Any CPU
		{2FB8C0F2-827F-4216-991A-CC5C294839D5}.Release|Any CPU.Build.0 = Release|Any CPU
		{FAD084E6-AE86-449A-A16B-3D4CE78AFAFD}.Debug|Any CPU.ActiveCfg = Debug|Any CPU
		{FAD084E6-AE86-449A-A16B-3D4CE78AFAFD}.Debug|Any CPU.Build.0 = Debug|Any CPU
		{FAD084E6-AE86-449A-A16B-3D4CE78AFAFD}.Release|Any CPU.ActiveCfg = Release|Any CPU
		{FAD084E6-AE86-449A-A16B-3D4CE78AFAFD}.Release|Any CPU.Build.0 = Release|Any CPU
		{1B5F59EB-B11C-4756-9979-70BC68BC1718}.Debug|Any CPU.ActiveCfg = Debug|Any CPU
		{1B5F59EB-B11C-4756-9979-70BC68BC1718}.Debug|Any CPU.Build.0 = Debug|Any CPU
		{1B5F59EB-B11C-4756-9979-70BC68BC1718}.Release|Any CPU.ActiveCfg = Release|Any CPU
		{1B5F59EB-B11C-4756-9979-70BC68BC1718}.Release|Any CPU.Build.0 = Release|Any CPU
	EndGlobalSection
	GlobalSection(SolutionProperties) = preSolution
		HideSolutionNode = FALSE
	EndGlobalSection
	GlobalSection(NestedProjects) = preSolution
		{0C3F9C19-1C09-4314-B8AE-FFA5E867DE47} = {B7182265-75F6-4C79-BA2D-A8548D4457AE}
		{3FD8C880-0F52-4FF7-99C1-8D4A88B7FCF1} = {B7182265-75F6-4C79-BA2D-A8548D4457AE}
		{B1BB65F5-0BA1-4B5F-8ACE-C2A98CA88C83} = {3FD8C880-0F52-4FF7-99C1-8D4A88B7FCF1}
		{3AD9C936-C832-4AD8-92E6-B209FE37F4C1} = {3FD8C880-0F52-4FF7-99C1-8D4A88B7FCF1}
		{F3C0AF74-739C-4C52-BDD8-2356900CBD28} = {B7182265-75F6-4C79-BA2D-A8548D4457AE}
		{2FB8C0F2-827F-4216-991A-CC5C294839D5} = {B7182265-75F6-4C79-BA2D-A8548D4457AE}
		{FAD084E6-AE86-449A-A16B-3D4CE78AFAFD} = {B7182265-75F6-4C79-BA2D-A8548D4457AE}
		{1B5F59EB-B11C-4756-9979-70BC68BC1718} = {30696B01-70E1-4FE9-9058-19C2F0951AA4}
	EndGlobalSection
	GlobalSection(ExtensibilityGlobals) = postSolution
		SolutionGuid = {4A79A0A8-3978-4393-9686-DE14528DB8E6}
	EndGlobalSection
EndGlobal
